
Microsoft Visual Studio Solution File, Format Version 12.00
# Visual Studio Version 17
VisualStudioVersion = 17.2.32630.192
MinimumVisualStudioVersion = 10.0.40219.1
Project("{FAE04EC0-301F-11D3-BF4B-00C04F79EFBC}") = "NLayer.Core", "NLayer.Core\NLayer.Core.csproj", "{02FE0DEF-B6CE-4675-A8ED-2E12B2F9A31D}"
EndProject
Project("{FAE04EC0-301F-11D3-BF4B-00C04F79EFBC}") = "NLayer.Repository", "NLayer.Repository\NLayer.Repository.csproj", "{3FC6A161-E803-4EEA-9B9D-857C7D0595EB}"
EndProject
Project("{FAE04EC0-301F-11D3-BF4B-00C04F79EFBC}") = "NLayer.Service", "NLayer.Service\NLayer.Service.csproj", "{388C487B-882D-4E22-B4AB-7EA21592818A}"
EndProject
Project("{FAE04EC0-301F-11D3-BF4B-00C04F79EFBC}") = "NLayer.API", "NLayer.API\NLayer.API.csproj", "{77CAA740-5AE4-4DCE-B1B9-AC28A4A0DD6B}"
EndProject
Project("{FAE04EC0-301F-11D3-BF4B-00C04F79EFBC}") = "NLayer.Web", "NLayer.Web\NLayer.Web.csproj", "{C8663A0A-C1AA-49D9-B655-1996A641547B}"
EndProject
Project("{FAE04EC0-301F-11D3-BF4B-00C04F79EFBC}") = "NLayer.Caching", "NLayer.Caching\NLayer.Caching.csproj", "{AFA11659-D18B-4BEE-A85A-27CE3FFCFA0D}"
EndProject
Global
	GlobalSection(SolutionConfigurationPlatforms) = preSolution
		Debug|Any CPU = Debug|Any CPU
		Release|Any CPU = Release|Any CPU
	EndGlobalSection
	GlobalSection(ProjectConfigurationPlatforms) = postSolution
		{02FE0DEF-B6CE-4675-A8ED-2E12B2F9A31D}.Debug|Any CPU.ActiveCfg = Debug|Any CPU
		{02FE0DEF-B6CE-4675-A8ED-2E12B2F9A31D}.Debug|Any CPU.Build.0 = Debug|Any CPU
		{02FE0DEF-B6CE-4675-A8ED-2E12B2F9A31D}.Release|Any CPU.ActiveCfg = Release|Any CPU
		{02FE0DEF-B6CE-4675-A8ED-2E12B2F9A31D}.Release|Any CPU.Build.0 = Release|Any CPU
		{3FC6A161-E803-4EEA-9B9D-857C7D0595EB}.Debug|Any CPU.ActiveCfg = Debug|Any CPU
		{3FC6A161-E803-4EEA-9B9D-857C7D0595EB}.Debug|Any CPU.Build.0 = Debug|Any CPU
		{3FC6A161-E803-4EEA-9B9D-857C7D0595EB}.Release|Any CPU.ActiveCfg = Release|Any CPU
		{3FC6A161-E803-4EEA-9B9D-857C7D0595EB}.Release|Any CPU.Build.0 = Release|Any CPU
		{388C487B-882D-4E22-B4AB-7EA21592818A}.Debug|Any CPU.ActiveCfg = Debug|Any CPU
		{388C487B-882D-4E22-B4AB-7EA21592818A}.Debug|Any CPU.Build.0 = Debug|Any CPU
		{388C487B-882D-4E22-B4AB-7EA21592818A}.Release|Any CPU.ActiveCfg = Release|Any CPU
		{388C487B-882D-4E22-B4AB-7EA21592818A}.Release|Any CPU.Build.0 = Release|Any CPU
		{77CAA740-5AE4-4DCE-B1B9-AC28A4A0DD6B}.Debug|Any CPU.ActiveCfg = Debug|Any CPU
		{77CAA740-5AE4-4DCE-B1B9-AC28A4A0DD6B}.Debug|Any CPU.Build.0 = Debug|Any CPU
		{77CAA740-5AE4-4DCE-B1B9-AC28A4A0DD6B}.Release|Any CPU.ActiveCfg = Release|Any CPU
		{77CAA740-5AE4-4DCE-B1B9-AC28A4A0DD6B}.Release|Any CPU.Build.0 = Release|Any CPU
		{C8663A0A-C1AA-49D9-B655-1996A641547B}.Debug|Any CPU.ActiveCfg = Debug|Any CPU
		{C8663A0A-C1AA-49D9-B655-1996A641547B}.Debug|Any CPU.Build.0 = Debug|Any CPU
		{C8663A0A-C1AA-49D9-B655-1996A641547B}.Release|Any CPU.ActiveCfg = Release|Any CPU
		{C8663A0A-C1AA-49D9-B655-1996A641547B}.Release|Any CPU.Build.0 = Release|Any CPU
		{AFA11659-D18B-4BEE-A85A-27CE3FFCFA0D}.Debug|Any CPU.ActiveCfg = Debug|Any CPU
		{AFA11659-D18B-4BEE-A85A-27CE3FFCFA0D}.Debug|Any CPU.Build.0 = Debug|Any CPU
		{AFA11659-D18B-4BEE-A85A-27CE3FFCFA0D}.Release|Any CPU.ActiveCfg = Release|Any CPU
		{AFA11659-D18B-4BEE-A85A-27CE3FFCFA0D}.Release|Any CPU.Build.0 = Release|Any CPU
	EndGlobalSection
	GlobalSection(SolutionProperties) = preSolution
		HideSolutionNode = FALSE
	EndGlobalSection
	GlobalSection(ExtensibilityGlobals) = postSolution
		SolutionGuid = {3BDC4720-9CAE-4879-92DE-93EC3DF73F78}
	EndGlobalSection
EndGlobal
